// !$*UTF8*$!
{
	archiveVersion = 1;
	classes = {
	};
	objectVersion = 50;
	objects = {

/* Begin PBXBuildFile section */
		D72236B1253E07500089D070 /* AppDelegate.swift in Sources */ = {isa = PBXBuildFile; fileRef = D72236B0253E07500089D070 /* AppDelegate.swift */; };
		D72236B3253E07500089D070 /* SceneDelegate.swift in Sources */ = {isa = PBXBuildFile; fileRef = D72236B2253E07500089D070 /* SceneDelegate.swift */; };
		D72236B8253E07500089D070 /* Main.storyboard in Resources */ = {isa = PBXBuildFile; fileRef = D72236B6253E07500089D070 /* Main.storyboard */; };
		D72236BA253E07500089D070 /* Assets.xcassets in Resources */ = {isa = PBXBuildFile; fileRef = D72236B9253E07500089D070 /* Assets.xcassets */; };
		D72236BD253E07500089D070 /* LaunchScreen.storyboard in Resources */ = {isa = PBXBuildFile; fileRef = D72236BB253E07500089D070 /* LaunchScreen.storyboard */; };
		D72236C7253E08370089D070 /* SplashViewController.swift in Sources */ = {isa = PBXBuildFile; fileRef = D72236C6253E08370089D070 /* SplashViewController.swift */; };
		D72236CB253E088D0089D070 /* LoginViewController.swift in Sources */ = {isa = PBXBuildFile; fileRef = D72236CA253E088D0089D070 /* LoginViewController.swift */; };
		D72236CE253E08D60089D070 /* RegisterViewController.swift in Sources */ = {isa = PBXBuildFile; fileRef = D72236CD253E08D60089D070 /* RegisterViewController.swift */; };
		D72236D1253E09190089D070 /* HomeViewController.swift in Sources */ = {isa = PBXBuildFile; fileRef = D72236D0253E09190089D070 /* HomeViewController.swift */; };
/* End PBXBuildFile section */

/* Begin PBXFileReference section */
		D72236AD253E074F0089D070 /* boilerplate.app */ = {isa = PBXFileReference; explicitFileType = wrapper.application; includeInIndex = 0; path = boilerplate.app; sourceTree = BUILT_PRODUCTS_DIR; };
		D72236B0253E07500089D070 /* AppDelegate.swift */ = {isa = PBXFileReference; lastKnownFileType = sourcecode.swift; path = AppDelegate.swift; sourceTree = "<group>"; };
		D72236B2253E07500089D070 /* SceneDelegate.swift */ = {isa = PBXFileReference; lastKnownFileType = sourcecode.swift; path = SceneDelegate.swift; sourceTree = "<group>"; };
		D72236B7253E07500089D070 /* Base */ = {isa = PBXFileReference; lastKnownFileType = file.storyboard; name = Base; path = Base.lproj/Main.storyboard; sourceTree = "<group>"; };
		D72236B9253E07500089D070 /* Assets.xcassets */ = {isa = PBXFileReference; lastKnownFileType = folder.assetcatalog; path = Assets.xcassets; sourceTree = "<group>"; };
		D72236BC253E07500089D070 /* Base */ = {isa = PBXFileReference; lastKnownFileType = file.storyboard; name = Base; path = Base.lproj/LaunchScreen.storyboard; sourceTree = "<group>"; };
		D72236BE253E07500089D070 /* Info.plist */ = {isa = PBXFileReference; lastKnownFileType = text.plist.xml; path = Info.plist; sourceTree = "<group>"; };
		D72236C6253E08370089D070 /* SplashViewController.swift */ = {isa = PBXFileReference; lastKnownFileType = sourcecode.swift; path = SplashViewController.swift; sourceTree = "<group>"; };
		D72236CA253E088D0089D070 /* LoginViewController.swift */ = {isa = PBXFileReference; lastKnownFileType = sourcecode.swift; path = LoginViewController.swift; sourceTree = "<group>"; };
		D72236CD253E08D60089D070 /* RegisterViewController.swift */ = {isa = PBXFileReference; lastKnownFileType = sourcecode.swift; path = RegisterViewController.swift; sourceTree = "<group>"; };
		D72236D0253E09190089D070 /* HomeViewController.swift */ = {isa = PBXFileReference; lastKnownFileType = sourcecode.swift; path = HomeViewController.swift; sourceTree = "<group>"; };
/* End PBXFileReference section */

/* Begin PBXFrameworksBuildPhase section */
		D72236AA253E074F0089D070 /* Frameworks */ = {
			isa = PBXFrameworksBuildPhase;
			buildActionMask = 2147483647;
			files = (
			);
			runOnlyForDeploymentPostprocessing = 0;
		};
/* End PBXFrameworksBuildPhase section */

/* Begin PBXGroup section */
		D72236A4253E074F0089D070 = {
			isa = PBXGroup;
			children = (
				D72236AF253E07500089D070 /* boilerplate */,
				D72236AE253E074F0089D070 /* Products */,
			);
			sourceTree = "<group>";
		};
		D72236AE253E074F0089D070 /* Products */ = {
			isa = PBXGroup;
			children = (
				D72236AD253E074F0089D070 /* boilerplate.app */,
			);
			name = Products;
			sourceTree = "<group>";
		};
		D72236AF253E07500089D070 /* boilerplate */ = {
			isa = PBXGroup;
			children = (
				D72236D4253E09690089D070 /* Application */,
				D72236C5253E08110089D070 /* Vistas */,
				D72236B6253E07500089D070 /* Main.storyboard */,
				D72236B9253E07500089D070 /* Assets.xcassets */,
				D72236BB253E07500089D070 /* LaunchScreen.storyboard */,
				D72236BE253E07500089D070 /* Info.plist */,
			);
			path = boilerplate;
			sourceTree = "<group>";
		};
		D72236C5253E08110089D070 /* Vistas */ = {
			isa = PBXGroup;
			children = (
				D72236C6253E08370089D070 /* SplashViewController.swift */,
				D72236CA253E088D0089D070 /* LoginViewController.swift */,
				D72236CD253E08D60089D070 /* RegisterViewController.swift */,
				D72236D0253E09190089D070 /* HomeViewController.swift */,
			);
			path = Vistas;
			sourceTree = "<group>";
		};
		D72236D4253E09690089D070 /* Application */ = {
			isa = PBXGroup;
			children = (
				D72236B0253E07500089D070 /* AppDelegate.swift */,
				D72236B2253E07500089D070 /* SceneDelegate.swift */,
			);
			path = Application;
			sourceTree = "<group>";
		};
/* End PBXGroup section */

/* Begin PBXNativeTarget section */
		D72236AC253E074F0089D070 /* boilerplate */ = {
			isa = PBXNativeTarget;
			buildConfigurationList = D72236C1253E07500089D070 /* Build configuration list for PBXNativeTarget "boilerplate" */;
			buildPhases = (
				D72236A9253E074F0089D070 /* Sources */,
				D72236AA253E074F0089D070 /* Frameworks */,
				D72236AB253E074F0089D070 /* Resources */,
			);
			buildRules = (
			);
			dependencies = (
			);
			name = boilerplate;
			productName = boilerplate;
			productReference = D72236AD253E074F0089D070 /* boilerplate.app */;
			productType = "com.apple.product-type.application";
		};
/* End PBXNativeTarget section */

/* Begin PBXProject section */
		D72236A5253E074F0089D070 /* Project object */ = {
			isa = PBXProject;
			attributes = {
				LastSwiftUpdateCheck = 1200;
				LastUpgradeCheck = 1200;
				TargetAttributes = {
					D72236AC253E074F0089D070 = {
						CreatedOnToolsVersion = 12.0.1;
					};
				};
			};
			buildConfigurationList = D72236A8253E074F0089D070 /* Build configuration list for PBXProject "boilerplate" */;
			compatibilityVersion = "Xcode 9.3";
			developmentRegion = en;
			hasScannedForEncodings = 0;
			knownRegions = (
				en,
				Base,
			);
			mainGroup = D72236A4253E074F0089D070;
			productRefGroup = D72236AE253E074F0089D070 /* Products */;
			projectDirPath = "";
			projectRoot = "";
			targets = (
				D72236AC253E074F0089D070 /* boilerplate */,
			);
		};
/* End PBXProject section */

/* Begin PBXResourcesBuildPhase section */
		D72236AB253E074F0089D070 /* Resources */ = {
			isa = PBXResourcesBuildPhase;
			buildActionMask = 2147483647;
			files = (
				D72236BD253E07500089D070 /* LaunchScreen.storyboard in Resources */,
				D72236BA253E07500089D070 /* Assets.xcassets in Resources */,
				D72236B8253E07500089D070 /* Main.storyboard in Resources */,
			);
			runOnlyForDeploymentPostprocessing = 0;
		};
/* End PBXResourcesBuildPhase section */

/* Begin PBXSourcesBuildPhase section */
		D72236A9253E074F0089D070 /* Sources */ = {
			isa = PBXSourcesBuildPhase;
			buildActionMask = 2147483647;
			files = (
				D72236B1253E07500089D070 /* AppDelegate.swift in Sources */,
				D72236B3253E07500089D070 /* SceneDelegate.swift in Sources */,
				D72236CE253E08D60089D070 /* RegisterViewController.swift in Sources */,
				D72236CB253E088D0089D070 /* LoginViewController.swift in Sources */,
				D72236D1253E09190089D070 /* HomeViewController.swift in Sources */,
				D72236C7253E08370089D070 /* SplashViewController.swift in Sources */,
			);
			runOnlyForDeploymentPostprocessing = 0;
		};
/* End PBXSourcesBuildPhase section */

/* Begin PBXVariantGroup section */
		D72236B6253E07500089D070 /* Main.storyboard */ = {
			isa = PBXVariantGroup;
			children = (
				D72236B7253E07500089D070 /* Base */,
			);
			name = Main.storyboard;
			sourceTree = "<group>";
		};
		D72236BB253E07500089D070 /* LaunchScreen.storyboard */ = {
			isa = PBXVariantGroup;
			children = (
				D72236BC253E07500089D070 /* Base */,
			);
			name = LaunchScreen.storyboard;
			sourceTree = "<group>";
		};
/* End PBXVariantGroup section */

/* Begin XCBuildConfiguration section */
		D72236BF253E07500089D070 /* Debug */ = {
			isa = XCBuildConfiguration;
			buildSettings = {
				ALWAYS_SEARCH_USER_PATHS = NO;
				CLANG_ANALYZER_NONNULL = YES;
				CLANG_ANALYZER_NUMBER_OBJECT_CONVERSION = YES_AGGRESSIVE;
				CLANG_CXX_LANGUAGE_STANDARD = "gnu++14";
				CLANG_CXX_LIBRARY = "libc++";
				CLANG_ENABLE_MODULES = YES;
				CLANG_ENABLE_OBJC_ARC = YES;
				CLANG_ENABLE_OBJC_WEAK = YES;
				CLANG_WARN_BLOCK_CAPTURE_AUTORELEASING = YES;
				CLANG_WARN_BOOL_CONVERSION = YES;
				CLANG_WARN_COMMA = YES;
				CLANG_WARN_CONSTANT_CONVERSION = YES;
				CLANG_WARN_DEPRECATED_OBJC_IMPLEMENTATIONS = YES;
				CLANG_WARN_DIRECT_OBJC_ISA_USAGE = YES_ERROR;
				CLANG_WARN_DOCUMENTATION_COMMENTS = YES;
				CLANG_WARN_EMPTY_BODY = YES;
				CLANG_WARN_ENUM_CONVERSION = YES;
				CLANG_WARN_INFINITE_RECURSION = YES;
				CLANG_WARN_INT_CONVERSION = YES;
				CLANG_WARN_NON_LITERAL_NULL_CONVERSION = YES;
				CLANG_WARN_OBJC_IMPLICIT_RETAIN_SELF = YES;
				CLANG_WARN_OBJC_LITERAL_CONVERSION = YES;
				CLANG_WARN_OBJC_ROOT_CLASS = YES_ERROR;
				CLANG_WARN_QUOTED_INCLUDE_IN_FRAMEWORK_HEADER = YES;
				CLANG_WARN_RANGE_LOOP_ANALYSIS = YES;
				CLANG_WARN_STRICT_PROTOTYPES = YES;
				CLANG_WARN_SUSPICIOUS_MOVE = YES;
				CLANG_WARN_UNGUARDED_AVAILABILITY = YES_AGGRESSIVE;
				CLANG_WARN_UNREACHABLE_CODE = YES;
				CLANG_WARN__DUPLICATE_METHOD_MATCH = YES;
				COPY_PHASE_STRIP = NO;
				DEBUG_INFORMATION_FORMAT = dwarf;
				ENABLE_STRICT_OBJC_MSGSEND = YES;
				ENABLE_TESTABILITY = YES;
				GCC_C_LANGUAGE_STANDARD = gnu11;
				GCC_DYNAMIC_NO_PIC = NO;
				GCC_NO_COMMON_BLOCKS = YES;
				GCC_OPTIMIZATION_LEVEL = 0;
				GCC_PREPROCESSOR_DEFINITIONS = (
					"DEBUG=1",
					"$(inherited)",
				);
				GCC_WARN_64_TO_32_BIT_CONVERSION = YES;
				GCC_WARN_ABOUT_RETURN_TYPE = YES_ERROR;
				GCC_WARN_UNDECLARED_SELECTOR = YES;
				GCC_WARN_UNINITIALIZED_AUTOS = YES_AGGRESSIVE;
				GCC_WARN_UNUSED_FUNCTION = YES;
				GCC_WARN_UNUSED_VARIABLE = YES;
				IPHONEOS_DEPLOYMENT_TARGET = 14.0;
				MTL_ENABLE_DEBUG_INFO = INCLUDE_SOURCE;
				MTL_FAST_MATH = YES;
				ONLY_ACTIVE_ARCH = YES;
				SDKROOT = iphoneos;
				SWIFT_ACTIVE_COMPILATION_CONDITIONS = DEBUG;
				SWIFT_OPTIMIZATION_LEVEL = "-Onone";
			};
			name = Debug;
		};
		D72236C0253E07500089D070 /* Release */ = {
			isa = XCBuildConfiguration;
			buildSettings = {
				ALWAYS_SEARCH_USER_PATHS = NO;
				CLANG_ANALYZER_NONNULL = YES;
				CLANG_ANALYZER_NUMBER_OBJECT_CONVERSION = YES_AGGRESSIVE;
				CLANG_CXX_LANGUAGE_STANDARD = "gnu++14";
				CLANG_CXX_LIBRARY = "libc++";
				CLANG_ENABLE_MODULES = YES;
				CLANG_ENABLE_OBJC_ARC = YES;
				CLANG_ENABLE_OBJC_WEAK = YES;
				CLANG_WARN_BLOCK_CAPTURE_AUTORELEASING = YES;
				CLANG_WARN_BOOL_CONVERSION = YES;
				CLANG_WARN_COMMA = YES;
				CLANG_WARN_CONSTANT_CONVERSION = YES;
				CLANG_WARN_DEPRECATED_OBJC_IMPLEMENTATIONS = YES;
				CLANG_WARN_DIRECT_OBJC_ISA_USAGE = YES_ERROR;
				CLANG_WARN_DOCUMENTATION_COMMENTS = YES;
				CLANG_WARN_EMPTY_BODY = YES;
				CLANG_WARN_ENUM_CONVERSION = YES;
				CLANG_WARN_INFINITE_RECURSION = YES;
				CLANG_WARN_INT_CONVERSION = YES;
				CLANG_WARN_NON_LITERAL_NULL_CONVERSION = YES;
				CLANG_WARN_OBJC_IMPLICIT_RETAIN_SELF = YES;
				CLANG_WARN_OBJC_LITERAL_CONVERSION = YES;
				CLANG_WARN_OBJC_ROOT_CLASS = YES_ERROR;
				CLANG_WARN_QUOTED_INCLUDE_IN_FRAMEWORK_HEADER = YES;
				CLANG_WARN_RANGE_LOOP_ANALYSIS = YES;
				CLANG_WARN_STRICT_PROTOTYPES = YES;
				CLANG_WARN_SUSPICIOUS_MOVE = YES;
				CLANG_WARN_UNGUARDED_AVAILABILITY = YES_AGGRESSIVE;
				CLANG_WARN_UNREACHABLE_CODE = YES;
				CLANG_WARN__DUPLICATE_METHOD_MATCH = YES;
				COPY_PHASE_STRIP = NO;
				DEBUG_INFORMATION_FORMAT = "dwarf-with-dsym";
				ENABLE_NS_ASSERTIONS = NO;
				ENABLE_STRICT_OBJC_MSGSEND = YES;
				GCC_C_LANGUAGE_STANDARD = gnu11;
				GCC_NO_COMMON_BLOCKS = YES;
				GCC_WARN_64_TO_32_BIT_CONVERSION = YES;
				GCC_WARN_ABOUT_RETURN_TYPE = YES_ERROR;
				GCC_WARN_UNDECLARED_SELECTOR = YES;
				GCC_WARN_UNINITIALIZED_AUTOS = YES_AGGRESSIVE;
				GCC_WARN_UNUSED_FUNCTION = YES;
				GCC_WARN_UNUSED_VARIABLE = YES;
				IPHONEOS_DEPLOYMENT_TARGET = 14.0;
				MTL_ENABLE_DEBUG_INFO = NO;
				MTL_FAST_MATH = YES;
				SDKROOT = iphoneos;
				SWIFT_COMPILATION_MODE = wholemodule;
				SWIFT_OPTIMIZATION_LEVEL = "-O";
				VALIDATE_PRODUCT = YES;
			};
			name = Release;
		};
		D72236C2253E07500089D070 /* Debug */ = {
			isa = XCBuildConfiguration;
			buildSettings = {
				ASSETCATALOG_COMPILER_APPICON_NAME = AppIcon;
				ASSETCATALOG_COMPILER_GLOBAL_ACCENT_COLOR_NAME = AccentColor;
				CODE_SIGN_STYLE = Automatic;
				DEVELOPMENT_TEAM = Z55C678GT4;
				INFOPLIST_FILE = boilerplate/Info.plist;
				LD_RUNPATH_SEARCH_PATHS = (
					"$(inherited)",
					"@executable_path/Frameworks",
				);
				PRODUCT_BUNDLE_IDENTIFIER = com.dhernandez.boilerplate;
				PRODUCT_NAME = "$(TARGET_NAME)";
				SWIFT_VERSION = 5.0;
				TARGETED_DEVICE_FAMILY = "1,2";
			};
			name = Debug;
		};
		D72236C3253E07500089D070 /* Release */ = {
			isa = XCBuildConfiguration;
			buildSettings = {
				ASSETCATALOG_COMPILER_APPICON_NAME = AppIcon;
				ASSETCATALOG_COMPILER_GLOBAL_ACCENT_COLOR_NAME = AccentColor;
				CODE_SIGN_STYLE = Automatic;
				DEVELOPMENT_TEAM = Z55C678GT4;
				INFOPLIST_FILE = boilerplate/Info.plist;
				LD_RUNPATH_SEARCH_PATHS = (
					"$(inherited)",
					"@executable_path/Frameworks",
				);
				PRODUCT_BUNDLE_IDENTIFIER = com.dhernandez.boilerplate;
				PRODUCT_NAME = "$(TARGET_NAME)";
				SWIFT_VERSION = 5.0;
				TARGETED_DEVICE_FAMILY = "1,2";
			};
			name = Release;
		};
/* End XCBuildConfiguration section */

/* Begin XCConfigurationList section */
		D72236A8253E074F0089D070 /* Build configuration list for PBXProject "boilerplate" */ = {
			isa = XCConfigurationList;
			buildConfigurations = (
				D72236BF253E07500089D070 /* Debug */,
				D72236C0253E07500089D070 /* Release */,
			);
			defaultConfigurationIsVisible = 0;
			defaultConfigurationName = Release;
		};
		D72236C1253E07500089D070 /* Build configuration list for PBXNativeTarget "boilerplate" */ = {
			isa = XCConfigurationList;
			buildConfigurations = (
				D72236C2253E07500089D070 /* Debug */,
				D72236C3253E07500089D070 /* Release */,
			);
			defaultConfigurationIsVisible = 0;
			defaultConfigurationName = Release;
		};
/* End XCConfigurationList section */
	};
	rootObject = D72236A5253E074F0089D070 /* Project object */;
}
